// !$*UTF8*$!
{
	archiveVersion = 1;
	classes = {
	};
	objectVersion = 46;
	objects = {

/* Begin PBXBuildFile section */
		075B42101EE0557700BB58C0 /* AppDelegate.swift in Sources */ = {isa = PBXBuildFile; fileRef = 075B420F1EE0557700BB58C0 /* AppDelegate.swift */; };
		075B42121EE0557700BB58C0 /* ViewController.swift in Sources */ = {isa = PBXBuildFile; fileRef = 075B42111EE0557700BB58C0 /* ViewController.swift */; };
		075B42151EE0557700BB58C0 /* Main.storyboard in Resources */ = {isa = PBXBuildFile; fileRef = 075B42131EE0557700BB58C0 /* Main.storyboard */; settings = {ASSET_TAGS = (button, ); }; };
		075B42171EE0557700BB58C0 /* Assets.xcassets in Resources */ = {isa = PBXBuildFile; fileRef = 075B42161EE0557700BB58C0 /* Assets.xcassets */; };
		075B421A1EE0557700BB58C0 /* LaunchScreen.storyboard in Resources */ = {isa = PBXBuildFile; fileRef = 075B42181EE0557700BB58C0 /* LaunchScreen.storyboard */; };
		075B42251EE0557700BB58C0 /* SingleViewAppUITests.swift in Sources */ = {isa = PBXBuildFile; fileRef = 075B42241EE0557700BB58C0 /* SingleViewAppUITests.swift */; };
/* End PBXBuildFile section */

/* Begin PBXContainerItemProxy section */
		075B42211EE0557700BB58C0 /* PBXContainerItemProxy */ = {
			isa = PBXContainerItemProxy;
			containerPortal = 075B42041EE0557600BB58C0 /* Project object */;
			proxyType = 1;
			remoteGlobalIDString = 075B420B1EE0557600BB58C0;
			remoteInfo = SingleViewApp;
		};
/* End PBXContainerItemProxy section */

/* Begin PBXFileReference section */
		075B420C1EE0557700BB58C0 /* SingleViewApp.app */ = {isa = PBXFileReference; explicitFileType = wrapper.application; includeInIndex = 0; path = SingleViewApp.app; sourceTree = BUILT_PRODUCTS_DIR; };
		075B420F1EE0557700BB58C0 /* AppDelegate.swift */ = {isa = PBXFileReference; lastKnownFileType = sourcecode.swift; path = AppDelegate.swift; sourceTree = "<group>"; };
		075B42111EE0557700BB58C0 /* ViewController.swift */ = {isa = PBXFileReference; lastKnownFileType = sourcecode.swift; path = ViewController.swift; sourceTree = "<group>"; };
		075B42141EE0557700BB58C0 /* Base */ = {isa = PBXFileReference; lastKnownFileType = file.storyboard; name = Base; path = Base.lproj/Main.storyboard; sourceTree = "<group>"; };
		075B42161EE0557700BB58C0 /* Assets.xcassets */ = {isa = PBXFileReference; lastKnownFileType = folder.assetcatalog; path = Assets.xcassets; sourceTree = "<group>"; };
		075B42191EE0557700BB58C0 /* Base */ = {isa = PBXFileReference; lastKnownFileType = file.storyboard; name = Base; path = Base.lproj/LaunchScreen.storyboard; sourceTree = "<group>"; };
		075B421B1EE0557700BB58C0 /* Info.plist */ = {isa = PBXFileReference; lastKnownFileType = text.plist.xml; path = Info.plist; sourceTree = "<group>"; };
		075B42201EE0557700BB58C0 /* SingleViewAppUITests.xctest */ = {isa = PBXFileReference; explicitFileType = wrapper.cfbundle; includeInIndex = 0; path = SingleViewAppUITests.xctest; sourceTree = BUILT_PRODUCTS_DIR; };
		075B42241EE0557700BB58C0 /* SingleViewAppUITests.swift */ = {isa = PBXFileReference; lastKnownFileType = sourcecode.swift; path = SingleViewAppUITests.swift; sourceTree = "<group>"; };
		075B42261EE0557700BB58C0 /* Info.plist */ = {isa = PBXFileReference; lastKnownFileType = text.plist.xml; path = Info.plist; sourceTree = "<group>"; };
/* End PBXFileReference section */

/* Begin PBXFrameworksBuildPhase section */
		075B42091EE0557600BB58C0 /* Frameworks */ = {
			isa = PBXFrameworksBuildPhase;
			buildActionMask = 2147483647;
			files = (
			);
			runOnlyForDeploymentPostprocessing = 0;
		};
		075B421D1EE0557700BB58C0 /* Frameworks */ = {
			isa = PBXFrameworksBuildPhase;
			buildActionMask = 2147483647;
			files = (
			);
			runOnlyForDeploymentPostprocessing = 0;
		};
/* End PBXFrameworksBuildPhase section */

/* Begin PBXGroup section */
		075B42031EE0557600BB58C0 = {
			isa = PBXGroup;
			children = (
				075B420E1EE0557700BB58C0 /* SingleViewApp */,
				075B42231EE0557700BB58C0 /* SingleViewAppUITests */,
				075B420D1EE0557700BB58C0 /* Products */,
			);
			sourceTree = "<group>";
		};
		075B420D1EE0557700BB58C0 /* Products */ = {
			isa = PBXGroup;
			children = (
				075B420C1EE0557700BB58C0 /* SingleViewApp.app */,
				075B42201EE0557700BB58C0 /* SingleViewAppUITests.xctest */,
			);
			name = Products;
			sourceTree = "<group>";
		};
		075B420E1EE0557700BB58C0 /* SingleViewApp */ = {
			isa = PBXGroup;
			children = (
				075B420F1EE0557700BB58C0 /* AppDelegate.swift */,
				075B42111EE0557700BB58C0 /* ViewController.swift */,
				075B42131EE0557700BB58C0 /* Main.storyboard */,
				075B42161EE0557700BB58C0 /* Assets.xcassets */,
				075B42181EE0557700BB58C0 /* LaunchScreen.storyboard */,
				075B421B1EE0557700BB58C0 /* Info.plist */,
			);
			path = SingleViewApp;
			sourceTree = "<group>";
		};
		075B42231EE0557700BB58C0 /* SingleViewAppUITests */ = {
			isa = PBXGroup;
			children = (
				075B42241EE0557700BB58C0 /* SingleViewAppUITests.swift */,
				075B42261EE0557700BB58C0 /* Info.plist */,
			);
			path = SingleViewAppUITests;
			sourceTree = "<group>";
		};
/* End PBXGroup section */

/* Begin PBXNativeTarget section */
		075B420B1EE0557600BB58C0 /* SingleViewApp */ = {
			isa = PBXNativeTarget;
			buildConfigurationList = 075B42291EE0557700BB58C0 /* Build configuration list for PBXNativeTarget "SingleViewApp" */;
			buildPhases = (
				075B42081EE0557600BB58C0 /* Sources */,
				075B42091EE0557600BB58C0 /* Frameworks */,
				075B420A1EE0557600BB58C0 /* Resources */,
			);
			buildRules = (
			);
			dependencies = (
			);
			name = SingleViewApp;
			productName = SingleViewApp;
			productReference = 075B420C1EE0557700BB58C0 /* SingleViewApp.app */;
			productType = "com.apple.product-type.application";
		};
		075B421F1EE0557700BB58C0 /* SingleViewAppUITests */ = {
			isa = PBXNativeTarget;
			buildConfigurationList = 075B422C1EE0557700BB58C0 /* Build configuration list for PBXNativeTarget "SingleViewAppUITests" */;
			buildPhases = (
				075B421C1EE0557700BB58C0 /* Sources */,
				075B421D1EE0557700BB58C0 /* Frameworks */,
				075B421E1EE0557700BB58C0 /* Resources */,
			);
			buildRules = (
			);
			dependencies = (
				075B42221EE0557700BB58C0 /* PBXTargetDependency */,
			);
			name = SingleViewAppUITests;
			productName = SingleViewAppUITests;
			productReference = 075B42201EE0557700BB58C0 /* SingleViewAppUITests.xctest */;
			productType = "com.apple.product-type.bundle.ui-testing";
		};
/* End PBXNativeTarget section */

/* Begin PBXProject section */
		075B42041EE0557600BB58C0 /* Project object */ = {
			isa = PBXProject;
			attributes = {
				KnownAssetTags = (
					button,
				);
				LastSwiftUpdateCheck = 0800;
				LastUpgradeCheck = 0800;
				ORGANIZATIONNAME = "Gloria Tse";
				TargetAttributes = {
					075B420B1EE0557600BB58C0 = {
						CreatedOnToolsVersion = 8.0;
						ProvisioningStyle = Automatic;
					};
					075B421F1EE0557700BB58C0 = {
						CreatedOnToolsVersion = 8.0;
						ProvisioningStyle = Automatic;
						TestTargetID = 075B420B1EE0557600BB58C0;
					};
				};
			};
			buildConfigurationList = 075B42071EE0557600BB58C0 /* Build configuration list for PBXProject "SingleViewApp" */;
			compatibilityVersion = "Xcode 3.2";
			developmentRegion = English;
			hasScannedForEncodings = 0;
			knownRegions = (
				en,
				Base,
			);
			mainGroup = 075B42031EE0557600BB58C0;
			productRefGroup = 075B420D1EE0557700BB58C0 /* Products */;
			projectDirPath = "";
			projectRoot = "";
			targets = (
				075B420B1EE0557600BB58C0 /* SingleViewApp */,
				075B421F1EE0557700BB58C0 /* SingleViewAppUITests */,
			);
		};
/* End PBXProject section */

/* Begin PBXResourcesBuildPhase section */
		075B420A1EE0557600BB58C0 /* Resources */ = {
			isa = PBXResourcesBuildPhase;
			buildActionMask = 2147483647;
			files = (
				075B421A1EE0557700BB58C0 /* LaunchScreen.storyboard in Resources */,
				075B42171EE0557700BB58C0 /* Assets.xcassets in Resources */,
				075B42151EE0557700BB58C0 /* Main.storyboard in Resources */,
			);
			runOnlyForDeploymentPostprocessing = 0;
		};
		075B421E1EE0557700BB58C0 /* Resources */ = {
			isa = PBXResourcesBuildPhase;
			buildActionMask = 2147483647;
			files = (
			);
			runOnlyForDeploymentPostprocessing = 0;
		};
/* End PBXResourcesBuildPhase section */

/* Begin PBXSourcesBuildPhase section */
		075B42081EE0557600BB58C0 /* Sources */ = {
			isa = PBXSourcesBuildPhase;
			buildActionMask = 2147483647;
			files = (
				075B42121EE0557700BB58C0 /* ViewController.swift in Sources */,
				075B42101EE0557700BB58C0 /* AppDelegate.swift in Sources */,
			);
			runOnlyForDeploymentPostprocessing = 0;
		};
		075B421C1EE0557700BB58C0 /* Sources */ = {
			isa = PBXSourcesBuildPhase;
			buildActionMask = 2147483647;
			files = (
				075B42251EE0557700BB58C0 /* SingleViewAppUITests.swift in Sources */,
			);
			runOnlyForDeploymentPostprocessing = 0;
		};
/* End PBXSourcesBuildPhase section */

/* Begin PBXTargetDependency section */
		075B42221EE0557700BB58C0 /* PBXTargetDependency */ = {
			isa = PBXTargetDependency;
			target = 075B420B1EE0557600BB58C0 /* SingleViewApp */;
			targetProxy = 075B42211EE0557700BB58C0 /* PBXContainerItemProxy */;
		};
/* End PBXTargetDependency section */

/* Begin PBXVariantGroup section */
		075B42131EE0557700BB58C0 /* Main.storyboard */ = {
			isa = PBXVariantGroup;
			children = (
				075B42141EE0557700BB58C0 /* Base */,
			);
			name = Main.storyboard;
			sourceTree = "<group>";
		};
		075B42181EE0557700BB58C0 /* LaunchScreen.storyboard */ = {
			isa = PBXVariantGroup;
			children = (
				075B42191EE0557700BB58C0 /* Base */,
			);
			name = LaunchScreen.storyboard;
			sourceTree = "<group>";
		};
/* End PBXVariantGroup section */

/* Begin XCBuildConfiguration section */
		075B42271EE0557700BB58C0 /* Debug */ = {
			isa = XCBuildConfiguration;
			buildSettings = {
				ALWAYS_SEARCH_USER_PATHS = NO;
				CLANG_ANALYZER_NONNULL = YES;
				CLANG_CXX_LANGUAGE_STANDARD = "gnu++0x";
				CLANG_CXX_LIBRARY = "libc++";
				CLANG_ENABLE_MODULES = YES;
				CLANG_ENABLE_OBJC_ARC = YES;
				CLANG_WARN_BOOL_CONVERSION = YES;
				CLANG_WARN_CONSTANT_CONVERSION = YES;
				CLANG_WARN_DIRECT_OBJC_ISA_USAGE = YES_ERROR;
				CLANG_WARN_DOCUMENTATION_COMMENTS = YES;
				CLANG_WARN_EMPTY_BODY = YES;
				CLANG_WARN_ENUM_CONVERSION = YES;
				CLANG_WARN_INFINITE_RECURSION = YES;
				CLANG_WARN_INT_CONVERSION = YES;
				CLANG_WARN_OBJC_ROOT_CLASS = YES_ERROR;
				CLANG_WARN_SUSPICIOUS_MOVES = YES;
				CLANG_WARN_UNREACHABLE_CODE = YES;
				CLANG_WARN__DUPLICATE_METHOD_MATCH = YES;
				"CODE_SIGN_IDENTITY[sdk=iphoneos*]" = "iPhone Developer";
				COPY_PHASE_STRIP = NO;
				DEBUG_INFORMATION_FORMAT = dwarf;
				ENABLE_STRICT_OBJC_MSGSEND = YES;
				ENABLE_TESTABILITY = YES;
				GCC_C_LANGUAGE_STANDARD = gnu99;
				GCC_DYNAMIC_NO_PIC = NO;
				GCC_NO_COMMON_BLOCKS = YES;
				GCC_OPTIMIZATION_LEVEL = 0;
				GCC_PREPROCESSOR_DEFINITIONS = (
					"DEBUG=1",
					"$(inherited)",
				);
				GCC_WARN_64_TO_32_BIT_CONVERSION = YES;
				GCC_WARN_ABOUT_RETURN_TYPE = YES_ERROR;
				GCC_WARN_UNDECLARED_SELECTOR = YES;
				GCC_WARN_UNINITIALIZED_AUTOS = YES_AGGRESSIVE;
				GCC_WARN_UNUSED_FUNCTION = YES;
				GCC_WARN_UNUSED_VARIABLE = YES;
				IPHONEOS_DEPLOYMENT_TARGET = 10.0;
				MTL_ENABLE_DEBUG_INFO = YES;
				ONLY_ACTIVE_ARCH = YES;
				SDKROOT = iphoneos;
				SWIFT_ACTIVE_COMPILATION_CONDITIONS = DEBUG;
				SWIFT_OPTIMIZATION_LEVEL = "-Onone";
				TARGETED_DEVICE_FAMILY = "1,2";
			};
			name = Debug;
		};
		075B42281EE0557700BB58C0 /* Release */ = {
			isa = XCBuildConfiguration;
			buildSettings = {
				ALWAYS_SEARCH_USER_PATHS = NO;
				CLANG_ANALYZER_NONNULL = YES;
				CLANG_CXX_LANGUAGE_STANDARD = "gnu++0x";
				CLANG_CXX_LIBRARY = "libc++";
				CLANG_ENABLE_MODULES = YES;
				CLANG_ENABLE_OBJC_ARC = YES;
				CLANG_WARN_BOOL_CONVERSION = YES;
				CLANG_WARN_CONSTANT_CONVERSION = YES;
				CLANG_WARN_DIRECT_OBJC_ISA_USAGE = YES_ERROR;
				CLANG_WARN_DOCUMENTATION_COMMENTS = YES;
				CLANG_WARN_EMPTY_BODY = YES;
				CLANG_WARN_ENUM_CONVERSION = YES;
				CLANG_WARN_INFINITE_RECURSION = YES;
				CLANG_WARN_INT_CONVERSION = YES;
				CLANG_WARN_OBJC_ROOT_CLASS = YES_ERROR;
				CLANG_WARN_SUSPICIOUS_MOVES = YES;
				CLANG_WARN_UNREACHABLE_CODE = YES;
				CLANG_WARN__DUPLICATE_METHOD_MATCH = YES;
				"CODE_SIGN_IDENTITY[sdk=iphoneos*]" = "iPhone Developer";
				COPY_PHASE_STRIP = NO;
				DEBUG_INFORMATION_FORMAT = "dwarf-with-dsym";
				ENABLE_NS_ASSERTIONS = NO;
				ENABLE_STRICT_OBJC_MSGSEND = YES;
				GCC_C_LANGUAGE_STANDARD = gnu99;
				GCC_NO_COMMON_BLOCKS = YES;
				GCC_WARN_64_TO_32_BIT_CONVERSION = YES;
				GCC_WARN_ABOUT_RETURN_TYPE = YES_ERROR;
				GCC_WARN_UNDECLARED_SELECTOR = YES;
				GCC_WARN_UNINITIALIZED_AUTOS = YES_AGGRESSIVE;
				GCC_WARN_UNUSED_FUNCTION = YES;
				GCC_WARN_UNUSED_VARIABLE = YES;
				IPHONEOS_DEPLOYMENT_TARGET = 10.0;
				MTL_ENABLE_DEBUG_INFO = NO;
				SDKROOT = iphoneos;
				SWIFT_OPTIMIZATION_LEVEL = "-Owholemodule";
				TARGETED_DEVICE_FAMILY = "1,2";
				VALIDATE_PRODUCT = YES;
			};
			name = Release;
		};
		075B422A1EE0557700BB58C0 /* Debug */ = {
			isa = XCBuildConfiguration;
			buildSettings = {
				ASSETCATALOG_COMPILER_APPICON_NAME = AppIcon;
				INFOPLIST_FILE = SingleViewApp/Info.plist;
				LD_RUNPATH_SEARCH_PATHS = "$(inherited) @executable_path/Frameworks";
				PRODUCT_BUNDLE_IDENTIFIER = itgloria1003.SingleViewApp;
				PRODUCT_NAME = "$(TARGET_NAME)";
				SWIFT_VERSION = 3.0;
			};
			name = Debug;
		};
		075B422B1EE0557700BB58C0 /* Release */ = {
			isa = XCBuildConfiguration;
			buildSettings = {
				ASSETCATALOG_COMPILER_APPICON_NAME = AppIcon;
				INFOPLIST_FILE = SingleViewApp/Info.plist;
				LD_RUNPATH_SEARCH_PATHS = "$(inherited) @executable_path/Frameworks";
				PRODUCT_BUNDLE_IDENTIFIER = itgloria1003.SingleViewApp;
				PRODUCT_NAME = "$(TARGET_NAME)";
				SWIFT_VERSION = 3.0;
			};
			name = Release;
		};
		075B422D1EE0557700BB58C0 /* Debug */ = {
			isa = XCBuildConfiguration;
			buildSettings = {
				ALWAYS_EMBED_SWIFT_STANDARD_LIBRARIES = YES;
				INFOPLIST_FILE = SingleViewAppUITests/Info.plist;
				LD_RUNPATH_SEARCH_PATHS = "$(inherited) @executable_path/Frameworks @loader_path/Frameworks";
				PRODUCT_BUNDLE_IDENTIFIER = itgloria1003.SingleViewAppUITests;
				PRODUCT_NAME = "$(TARGET_NAME)";
				SWIFT_VERSION = 3.0;
				TEST_TARGET_NAME = SingleViewApp;
			};
			name = Debug;
		};
		075B422E1EE0557700BB58C0 /* Release */ = {
			isa = XCBuildConfiguration;
			buildSettings = {
				ALWAYS_EMBED_SWIFT_STANDARD_LIBRARIES = YES;
				INFOPLIST_FILE = SingleViewAppUITests/Info.plist;
				LD_RUNPATH_SEARCH_PATHS = "$(inherited) @executable_path/Frameworks @loader_path/Frameworks";
				PRODUCT_BUNDLE_IDENTIFIER = itgloria1003.SingleViewAppUITests;
				PRODUCT_NAME = "$(TARGET_NAME)";
				SWIFT_VERSION = 3.0;
				TEST_TARGET_NAME = SingleViewApp;
			};
			name = Release;
		};
/* End XCBuildConfiguration section */

/* Begin XCConfigurationList section */
		075B42071EE0557600BB58C0 /* Build configuration list for PBXProject "SingleViewApp" */ = {
			isa = XCConfigurationList;
			buildConfigurations = (
				075B42271EE0557700BB58C0 /* Debug */,
				075B42281EE0557700BB58C0 /* Release */,
			);
			defaultConfigurationIsVisible = 0;
			defaultConfigurationName = Release;
		};
		075B42291EE0557700BB58C0 /* Build configuration list for PBXNativeTarget "SingleViewApp" */ = {
			isa = XCConfigurationList;
			buildConfigurations = (
				075B422A1EE0557700BB58C0 /* Debug */,
				075B422B1EE0557700BB58C0 /* Release */,
			);
			defaultConfigurationIsVisible = 0;
		};
		075B422C1EE0557700BB58C0 /* Build configuration list for PBXNativeTarget "SingleViewAppUITests" */ = {
			isa = XCConfigurationList;
			buildConfigurations = (
				075B422D1EE0557700BB58C0 /* Debug */,
				075B422E1EE0557700BB58C0 /* Release */,
			);
			defaultConfigurationIsVisible = 0;
		};
/* End XCConfigurationList section */
	};
	rootObject = 075B42041EE0557600BB58C0 /* Project object */;
}
